
Microsoft Visual Studio Solution File, Format Version 12.00
# Visual Studio 15
VisualStudioVersion = 15.0.28307.102
MinimumVisualStudioVersion = 10.0.40219.1
Project("{FAE04EC0-301F-11D3-BF4B-00C04F79EFBC}") = "BCR", "BCR\BCR.csproj", "{EC6CFA4B-8C3B-4B3F-9973-8341D28190FB}"
EndProject
Global
	GlobalSection(SolutionConfigurationPlatforms) = preSolution
		Debug|Any CPU = Debug|Any CPU
		Release|Any CPU = Release|Any CPU
	EndGlobalSection
	GlobalSection(ProjectConfigurationPlatforms) = postSolution
		{EC6CFA4B-8C3B-4B3F-9973-8341D28190FB}.Debug|Any CPU.ActiveCfg = Debug|Any CPU
		{EC6CFA4B-8C3B-4B3F-9973-8341D28190FB}.Debug|Any CPU.Build.0 = Debug|Any CPU
		{EC6CFA4B-8C3B-4B3F-9973-8341D28190FB}.Release|Any CPU.ActiveCfg = Release|Any CPU
		{EC6CFA4B-8C3B-4B3F-9973-8341D28190FB}.Release|Any CPU.Build.0 = Release|Any CPU
	EndGlobalSection
	GlobalSection(SolutionProperties) = preSolution
		HideSolutionNode = FALSE
	EndGlobalSection
	GlobalSection(ExtensibilityGlobals) = postSolution
		SolutionGuid = {47FD12BE-98E2-46E6-B297-4FC58068C7EB}
	EndGlobalSection
EndGlobal
